
Microsoft Visual Studio Solution File, Format Version 12.00
# Visual Studio 2013
VisualStudioVersion = 12.0.30723.0
MinimumVisualStudioVersion = 10.0.40219.1
Project("{FAE04EC0-301F-11D3-BF4B-00C04F79EFBC}") = "Auto.Repo", "Auto.Repo\Auto.Repo.csproj", "{DBF36A7C-7697-41A0-86C6-80A0623026AE}"
EndProject
Project("{FAE04EC0-301F-11D3-BF4B-00C04F79EFBC}") = "Auto.Service", "Auto.Service\Auto.Service.csproj", "{E4224CC6-BDFC-467E-A26B-4DFC17DC478F}"
EndProject
Project("{2150E333-8FDC-42A3-9474-1A3956D46DE8}") = "Solution Items", "Solution Items", "{EA3D26BA-D686-4EC6-85BF-C1CC4DE92F21}"
	ProjectSection(SolutionItems) = preProject
		README.md = README.md
	EndProjectSection
EndProject
Global
	GlobalSection(SolutionConfigurationPlatforms) = preSolution
		Debug|Any CPU = Debug|Any CPU
		Release|Any CPU = Release|Any CPU
	EndGlobalSection
	GlobalSection(ProjectConfigurationPlatforms) = postSolution
		{DBF36A7C-7697-41A0-86C6-80A0623026AE}.Debug|Any CPU.ActiveCfg = Debug|Any CPU
		{DBF36A7C-7697-41A0-86C6-80A0623026AE}.Debug|Any CPU.Build.0 = Debug|Any CPU
		{DBF36A7C-7697-41A0-86C6-80A0623026AE}.Release|Any CPU.ActiveCfg = Release|Any CPU
		{DBF36A7C-7697-41A0-86C6-80A0623026AE}.Release|Any CPU.Build.0 = Release|Any CPU
		{E4224CC6-BDFC-467E-A26B-4DFC17DC478F}.Debug|Any CPU.ActiveCfg = Debug|Any CPU
		{E4224CC6-BDFC-467E-A26B-4DFC17DC478F}.Debug|Any CPU.Build.0 = Debug|Any CPU
		{E4224CC6-BDFC-467E-A26B-4DFC17DC478F}.Release|Any CPU.ActiveCfg = Release|Any CPU
		{E4224CC6-BDFC-467E-A26B-4DFC17DC478F}.Release|Any CPU.Build.0 = Release|Any CPU
	EndGlobalSection
	GlobalSection(SolutionProperties) = preSolution
		HideSolutionNode = FALSE
	EndGlobalSection
EndGlobal
